
Microsoft Visual Studio Solution File, Format Version 12.00
# Visual Studio 15
VisualStudioVersion = 15.0.27004.2009
MinimumVisualStudioVersion = 10.0.40219.1
Project("{FAE04EC0-301F-11D3-BF4B-00C04F79EFBC}") = "ValidationAttributesPlus", "ValidationAttributesPlus\ValidationAttributesPlus.csproj", "{1DECB744-0B82-4BA1-8595-DFA6E41DBFB9}"
EndProject
Project("{FAE04EC0-301F-11D3-BF4B-00C04F79EFBC}") = "ValidationAttributesPlus.Tests", "ValidationAttributesPlus.Tests\ValidationAttributesPlus.Tests.csproj", "{9F6A037C-A64B-4950-B783-6AE45886BD2C}"
EndProject
Global
	GlobalSection(SolutionConfigurationPlatforms) = preSolution
		Debug|Any CPU = Debug|Any CPU
		Release|Any CPU = Release|Any CPU
	EndGlobalSection
	GlobalSection(ProjectConfigurationPlatforms) = postSolution
		{1DECB744-0B82-4BA1-8595-DFA6E41DBFB9}.Debug|Any CPU.ActiveCfg = Debug|Any CPU
		{1DECB744-0B82-4BA1-8595-DFA6E41DBFB9}.Debug|Any CPU.Build.0 = Debug|Any CPU
		{1DECB744-0B82-4BA1-8595-DFA6E41DBFB9}.Release|Any CPU.ActiveCfg = Release|Any CPU
		{1DECB744-0B82-4BA1-8595-DFA6E41DBFB9}.Release|Any CPU.Build.0 = Release|Any CPU
		{9F6A037C-A64B-4950-B783-6AE45886BD2C}.Debug|Any CPU.ActiveCfg = Debug|Any CPU
		{9F6A037C-A64B-4950-B783-6AE45886BD2C}.Debug|Any CPU.Build.0 = Debug|Any CPU
		{9F6A037C-A64B-4950-B783-6AE45886BD2C}.Release|Any CPU.ActiveCfg = Release|Any CPU
		{9F6A037C-A64B-4950-B783-6AE45886BD2C}.Release|Any CPU.Build.0 = Release|Any CPU
	EndGlobalSection
	GlobalSection(SolutionProperties) = preSolution
		HideSolutionNode = FALSE
	EndGlobalSection
	GlobalSection(ExtensibilityGlobals) = postSolution
		SolutionGuid = {FC27721D-E24F-4393-8FF1-41C1CA53958B}
	EndGlobalSection
EndGlobal
